
Microsoft Visual Studio Solution File, Format Version 12.00
# Visual Studio 15
VisualStudioVersion = 15.0.27703.2000
MinimumVisualStudioVersion = 10.0.40219.1
Project("{FAE04EC0-301F-11D3-BF4B-00C04F79EFBC}") = "Delegate.MLTraining", "Delegate.MLTraining\Delegate.MLTraining.csproj", "{C770FF5C-0EE0-45F3-8E9F-3FB3A8E1B6AB}"
EndProject
Global
	GlobalSection(SolutionConfigurationPlatforms) = preSolution
		Debug|Any CPU = Debug|Any CPU
		Release|Any CPU = Release|Any CPU
	EndGlobalSection
	GlobalSection(ProjectConfigurationPlatforms) = postSolution
		{C770FF5C-0EE0-45F3-8E9F-3FB3A8E1B6AB}.Debug|Any CPU.ActiveCfg = Debug|Any CPU
		{C770FF5C-0EE0-45F3-8E9F-3FB3A8E1B6AB}.Debug|Any CPU.Build.0 = Debug|Any CPU
		{C770FF5C-0EE0-45F3-8E9F-3FB3A8E1B6AB}.Release|Any CPU.ActiveCfg = Release|Any CPU
		{C770FF5C-0EE0-45F3-8E9F-3FB3A8E1B6AB}.Release|Any CPU.Build.0 = Release|Any CPU
	EndGlobalSection
	GlobalSection(SolutionProperties) = preSolution
		HideSolutionNode = FALSE
	EndGlobalSection
	GlobalSection(ExtensibilityGlobals) = postSolution
		SolutionGuid = {17C18AE5-381A-42B3-9370-20B45CF28065}
	EndGlobalSection
EndGlobal
